
Microsoft Visual Studio Solution File, Format Version 12.00
# Visual Studio Version 17
VisualStudioVersion = 17.2.32616.157
MinimumVisualStudioVersion = 10.0.40219.1
Project("{FAE04EC0-301F-11D3-BF4B-00C04F79EFBC}") = "TestProjectA", "TestProjectA\TestProjectA.csproj", "{C0E3855E-6F33-442F-8E3A-B5290DAB5E04}"
EndProject
Global
	GlobalSection(SolutionConfigurationPlatforms) = preSolution
		Debug|Any CPU = Debug|Any CPU
		Release|Any CPU = Release|Any CPU
	EndGlobalSection
	GlobalSection(ProjectConfigurationPlatforms) = postSolution
		{C0E3855E-6F33-442F-8E3A-B5290DAB5E04}.Debug|Any CPU.ActiveCfg = Debug|Any CPU
		{C0E3855E-6F33-442F-8E3A-B5290DAB5E04}.Debug|Any CPU.Build.0 = Debug|Any CPU
		{C0E3855E-6F33-442F-8E3A-B5290DAB5E04}.Release|Any CPU.ActiveCfg = Release|Any CPU
		{C0E3855E-6F33-442F-8E3A-B5290DAB5E04}.Release|Any CPU.Build.0 = Release|Any CPU
	EndGlobalSection
	GlobalSection(SolutionProperties) = preSolution
		HideSolutionNode = FALSE
	EndGlobalSection
	GlobalSection(ExtensibilityGlobals) = postSolution
		SolutionGuid = {E524C3A7-5D88-441F-B662-5F1A9ED787FF}
	EndGlobalSection
EndGlobal
